// !$*UTF8*$!
{
	archiveVersion = 1;
	classes = {
	};
	objectVersion = 46;
	objects = {

/* Begin PBXBuildFile section */
		422721A41C0D9C7C0055AB75 /* AppDelegate.swift in Sources */ = {isa = PBXBuildFile; fileRef = 422721A31C0D9C7C0055AB75 /* AppDelegate.swift */; };
		422721A61C0D9C7C0055AB75 /* ViewController.swift in Sources */ = {isa = PBXBuildFile; fileRef = 422721A51C0D9C7C0055AB75 /* ViewController.swift */; };
		422721A91C0D9C7C0055AB75 /* Main.storyboard in Resources */ = {isa = PBXBuildFile; fileRef = 422721A71C0D9C7C0055AB75 /* Main.storyboard */; };
		422721AB1C0D9C7C0055AB75 /* Assets.xcassets in Resources */ = {isa = PBXBuildFile; fileRef = 422721AA1C0D9C7C0055AB75 /* Assets.xcassets */; };
		422721AE1C0D9C7C0055AB75 /* LaunchScreen.storyboard in Resources */ = {isa = PBXBuildFile; fileRef = 422721AC1C0D9C7C0055AB75 /* LaunchScreen.storyboard */; };
		422721B81C0DE0090055AB75 /* TGCGPSInfoGenerator.m in Sources */ = {isa = PBXBuildFile; fileRef = 422721B71C0DE0090055AB75 /* TGCGPSInfoGenerator.m */; };
/* End PBXBuildFile section */

/* Begin PBXFileReference section */
		422721A01C0D9C7C0055AB75 /* PhotoGPS.app */ = {isa = PBXFileReference; explicitFileType = wrapper.application; includeInIndex = 0; path = PhotoGPS.app; sourceTree = BUILT_PRODUCTS_DIR; };
		422721A31C0D9C7C0055AB75 /* AppDelegate.swift */ = {isa = PBXFileReference; lastKnownFileType = sourcecode.swift; path = AppDelegate.swift; sourceTree = "<group>"; };
		422721A51C0D9C7C0055AB75 /* ViewController.swift */ = {isa = PBXFileReference; lastKnownFileType = sourcecode.swift; path = ViewController.swift; sourceTree = "<group>"; };
		422721A81C0D9C7C0055AB75 /* Base */ = {isa = PBXFileReference; lastKnownFileType = file.storyboard; name = Base; path = Base.lproj/Main.storyboard; sourceTree = "<group>"; };
		422721AA1C0D9C7C0055AB75 /* Assets.xcassets */ = {isa = PBXFileReference; lastKnownFileType = folder.assetcatalog; path = Assets.xcassets; sourceTree = "<group>"; };
		422721AD1C0D9C7C0055AB75 /* Base */ = {isa = PBXFileReference; lastKnownFileType = file.storyboard; name = Base; path = Base.lproj/LaunchScreen.storyboard; sourceTree = "<group>"; };
		422721AF1C0D9C7C0055AB75 /* Info.plist */ = {isa = PBXFileReference; lastKnownFileType = text.plist.xml; path = Info.plist; sourceTree = "<group>"; };
		422721B51C0DE0090055AB75 /* PhotoGPS-Bridging-Header.h */ = {isa = PBXFileReference; lastKnownFileType = sourcecode.c.h; path = "PhotoGPS-Bridging-Header.h"; sourceTree = "<group>"; };
		422721B61C0DE0090055AB75 /* TGCGPSInfoGenerator.h */ = {isa = PBXFileReference; fileEncoding = 4; lastKnownFileType = sourcecode.c.h; path = TGCGPSInfoGenerator.h; sourceTree = "<group>"; };
		422721B71C0DE0090055AB75 /* TGCGPSInfoGenerator.m */ = {isa = PBXFileReference; fileEncoding = 4; lastKnownFileType = sourcecode.c.objc; path = TGCGPSInfoGenerator.m; sourceTree = "<group>"; };
/* End PBXFileReference section */

/* Begin PBXFrameworksBuildPhase section */
		4227219D1C0D9C7C0055AB75 /* Frameworks */ = {
			isa = PBXFrameworksBuildPhase;
			buildActionMask = 2147483647;
			files = (
			);
			runOnlyForDeploymentPostprocessing = 0;
		};
/* End PBXFrameworksBuildPhase section */

/* Begin PBXGroup section */
		422721971C0D9C7C0055AB75 = {
			isa = PBXGroup;
			children = (
				422721A21C0D9C7C0055AB75 /* PhotoGPS */,
				422721A11C0D9C7C0055AB75 /* Products */,
			);
			sourceTree = "<group>";
		};
		422721A11C0D9C7C0055AB75 /* Products */ = {
			isa = PBXGroup;
			children = (
				422721A01C0D9C7C0055AB75 /* PhotoGPS.app */,
			);
			name = Products;
			sourceTree = "<group>";
		};
		422721A21C0D9C7C0055AB75 /* PhotoGPS */ = {
			isa = PBXGroup;
			children = (
				422721A31C0D9C7C0055AB75 /* AppDelegate.swift */,
				422721A51C0D9C7C0055AB75 /* ViewController.swift */,
				422721A71C0D9C7C0055AB75 /* Main.storyboard */,
				422721AA1C0D9C7C0055AB75 /* Assets.xcassets */,
				422721AC1C0D9C7C0055AB75 /* LaunchScreen.storyboard */,
				422721AF1C0D9C7C0055AB75 /* Info.plist */,
				422721B61C0DE0090055AB75 /* TGCGPSInfoGenerator.h */,
				422721B71C0DE0090055AB75 /* TGCGPSInfoGenerator.m */,
				422721B51C0DE0090055AB75 /* PhotoGPS-Bridging-Header.h */,
			);
			path = PhotoGPS;
			sourceTree = "<group>";
		};
/* End PBXGroup section */

/* Begin PBXNativeTarget section */
		4227219F1C0D9C7C0055AB75 /* PhotoGPS */ = {
			isa = PBXNativeTarget;
			buildConfigurationList = 422721B21C0D9C7C0055AB75 /* Build configuration list for PBXNativeTarget "PhotoGPS" */;
			buildPhases = (
				4227219C1C0D9C7C0055AB75 /* Sources */,
				4227219D1C0D9C7C0055AB75 /* Frameworks */,
				4227219E1C0D9C7C0055AB75 /* Resources */,
			);
			buildRules = (
			);
			dependencies = (
			);
			name = PhotoGPS;
			productName = PhotoGPS;
			productReference = 422721A01C0D9C7C0055AB75 /* PhotoGPS.app */;
			productType = "com.apple.product-type.application";
		};
/* End PBXNativeTarget section */

/* Begin PBXProject section */
		422721981C0D9C7C0055AB75 /* Project object */ = {
			isa = PBXProject;
			attributes = {
				LastSwiftUpdateCheck = 0710;
				LastUpgradeCheck = 0710;
				ORGANIZATIONNAME = DonMaulyn;
				TargetAttributes = {
					4227219F1C0D9C7C0055AB75 = {
						CreatedOnToolsVersion = 7.1.1;
						DevelopmentTeam = Z9QDL5YRNS;
					};
				};
			};
			buildConfigurationList = 4227219B1C0D9C7C0055AB75 /* Build configuration list for PBXProject "PhotoGPS" */;
			compatibilityVersion = "Xcode 3.2";
			developmentRegion = English;
			hasScannedForEncodings = 0;
			knownRegions = (
				en,
				Base,
			);
			mainGroup = 422721971C0D9C7C0055AB75;
			productRefGroup = 422721A11C0D9C7C0055AB75 /* Products */;
			projectDirPath = "";
			projectRoot = "";
			targets = (
				4227219F1C0D9C7C0055AB75 /* PhotoGPS */,
			);
		};
/* End PBXProject section */

/* Begin PBXResourcesBuildPhase section */
		4227219E1C0D9C7C0055AB75 /* Resources */ = {
			isa = PBXResourcesBuildPhase;
			buildActionMask = 2147483647;
			files = (
				422721AE1C0D9C7C0055AB75 /* LaunchScreen.storyboard in Resources */,
				422721AB1C0D9C7C0055AB75 /* Assets.xcassets in Resources */,
				422721A91C0D9C7C0055AB75 /* Main.storyboard in Resources */,
			);
			runOnlyForDeploymentPostprocessing = 0;
		};
/* End PBXResourcesBuildPhase section */

/* Begin PBXSourcesBuildPhase section */
		4227219C1C0D9C7C0055AB75 /* Sources */ = {
			isa = PBXSourcesBuildPhase;
			buildActionMask = 2147483647;
			files = (
				422721B81C0DE0090055AB75 /* TGCGPSInfoGenerator.m in Sources */,
				422721A61C0D9C7C0055AB75 /* ViewController.swift in Sources */,
				422721A41C0D9C7C0055AB75 /* AppDelegate.swift in Sources */,
			);
			runOnlyForDeploymentPostprocessing = 0;
		};
/* End PBXSourcesBuildPhase section */

/* Begin PBXVariantGroup section */
		422721A71C0D9C7C0055AB75 /* Main.storyboard */ = {
			isa = PBXVariantGroup;
			children = (
				422721A81C0D9C7C0055AB75 /* Base */,
			);
			name = Main.storyboard;
			sourceTree = "<group>";
		};
		422721AC1C0D9C7C0055AB75 /* LaunchScreen.storyboard */ = {
			isa = PBXVariantGroup;
			children = (
				422721AD1C0D9C7C0055AB75 /* Base */,
			);
			name = LaunchScreen.storyboard;
			sourceTree = "<group>";
		};
/* End PBXVariantGroup section */

/* Begin XCBuildConfiguration section */
		422721B01C0D9C7C0055AB75 /* Debug */ = {
			isa = XCBuildConfiguration;
			buildSettings = {
				ALWAYS_SEARCH_USER_PATHS = NO;
				CLANG_CXX_LANGUAGE_STANDARD = "gnu++0x";
				CLANG_CXX_LIBRARY = "libc++";
				CLANG_ENABLE_MODULES = YES;
				CLANG_ENABLE_OBJC_ARC = YES;
				CLANG_WARN_BOOL_CONVERSION = YES;
				CLANG_WARN_CONSTANT_CONVERSION = YES;
				CLANG_WARN_DIRECT_OBJC_ISA_USAGE = YES_ERROR;
				CLANG_WARN_EMPTY_BODY = YES;
				CLANG_WARN_ENUM_CONVERSION = YES;
				CLANG_WARN_INT_CONVERSION = YES;
				CLANG_WARN_OBJC_ROOT_CLASS = YES_ERROR;
				CLANG_WARN_UNREACHABLE_CODE = YES;
				CLANG_WARN__DUPLICATE_METHOD_MATCH = YES;
				"CODE_SIGN_IDENTITY[sdk=iphoneos*]" = "iPhone Developer";
				COPY_PHASE_STRIP = NO;
				DEBUG_INFORMATION_FORMAT = dwarf;
				ENABLE_STRICT_OBJC_MSGSEND = YES;
				ENABLE_TESTABILITY = YES;
				GCC_C_LANGUAGE_STANDARD = gnu99;
				GCC_DYNAMIC_NO_PIC = NO;
				GCC_NO_COMMON_BLOCKS = YES;
				GCC_OPTIMIZATION_LEVEL = 0;
				GCC_PREPROCESSOR_DEFINITIONS = (
					"DEBUG=1",
					"$(inherited)",
				);
				GCC_WARN_64_TO_32_BIT_CONVERSION = YES;
				GCC_WARN_ABOUT_RETURN_TYPE = YES_ERROR;
				GCC_WARN_UNDECLARED_SELECTOR = YES;
				GCC_WARN_UNINITIALIZED_AUTOS = YES_AGGRESSIVE;
				GCC_WARN_UNUSED_FUNCTION = YES;
				GCC_WARN_UNUSED_VARIABLE = YES;
				IPHONEOS_DEPLOYMENT_TARGET = 9.1;
				MTL_ENABLE_DEBUG_INFO = YES;
				ONLY_ACTIVE_ARCH = YES;
				SDKROOT = iphoneos;
				SWIFT_OPTIMIZATION_LEVEL = "-Onone";
			};
			name = Debug;
		};
		422721B11C0D9C7C0055AB75 /* Release */ = {
			isa = XCBuildConfiguration;
			buildSettings = {
				ALWAYS_SEARCH_USER_PATHS = NO;
				CLANG_CXX_LANGUAGE_STANDARD = "gnu++0x";
				CLANG_CXX_LIBRARY = "libc++";
				CLANG_ENABLE_MODULES = YES;
				CLANG_ENABLE_OBJC_ARC = YES;
				CLANG_WARN_BOOL_CONVERSION = YES;
				CLANG_WARN_CONSTANT_CONVERSION = YES;
				CLANG_WARN_DIRECT_OBJC_ISA_USAGE = YES_ERROR;
				CLANG_WARN_EMPTY_BODY = YES;
				CLANG_WARN_ENUM_CONVERSION = YES;
				CLANG_WARN_INT_CONVERSION = YES;
				CLANG_WARN_OBJC_ROOT_CLASS = YES_ERROR;
				CLANG_WARN_UNREACHABLE_CODE = YES;
				CLANG_WARN__DUPLICATE_METHOD_MATCH = YES;
				"CODE_SIGN_IDENTITY[sdk=iphoneos*]" = "iPhone Developer";
				COPY_PHASE_STRIP = NO;
				DEBUG_INFORMATION_FORMAT = "dwarf-with-dsym";
				ENABLE_NS_ASSERTIONS = NO;
				ENABLE_STRICT_OBJC_MSGSEND = YES;
				GCC_C_LANGUAGE_STANDARD = gnu99;
				GCC_NO_COMMON_BLOCKS = YES;
				GCC_WARN_64_TO_32_BIT_CONVERSION = YES;
				GCC_WARN_ABOUT_RETURN_TYPE = YES_ERROR;
				GCC_WARN_UNDECLARED_SELECTOR = YES;
				GCC_WARN_UNINITIALIZED_AUTOS = YES_AGGRESSIVE;
				GCC_WARN_UNUSED_FUNCTION = YES;
				GCC_WARN_UNUSED_VARIABLE = YES;
				IPHONEOS_DEPLOYMENT_TARGET = 9.1;
				MTL_ENABLE_DEBUG_INFO = NO;
				SDKROOT = iphoneos;
				VALIDATE_PRODUCT = YES;
			};
			name = Release;
		};
		422721B31C0D9C7C0055AB75 /* Debug */ = {
			isa = XCBuildConfiguration;
			buildSettings = {
				ASSETCATALOG_COMPILER_APPICON_NAME = AppIcon;
				CLANG_ENABLE_MODULES = YES;
				CODE_SIGN_IDENTITY = "iPhone Developer";
				INFOPLIST_FILE = PhotoGPS/Info.plist;
				LD_RUNPATH_SEARCH_PATHS = "$(inherited) @executable_path/Frameworks";
				PRODUCT_BUNDLE_IDENTIFIER = tgcasce.PhotoGPS;
				PRODUCT_NAME = "$(TARGET_NAME)";
				SWIFT_OBJC_BRIDGING_HEADER = "PhotoGPS/PhotoGPS-Bridging-Header.h";
				SWIFT_OPTIMIZATION_LEVEL = "-Onone";
				TARGETED_DEVICE_FAMILY = "1,2";
			};
			name = Debug;
		};
		422721B41C0D9C7C0055AB75 /* Release */ = {
			isa = XCBuildConfiguration;
			buildSettings = {
				ASSETCATALOG_COMPILER_APPICON_NAME = AppIcon;
				CLANG_ENABLE_MODULES = YES;
				CODE_SIGN_IDENTITY = "iPhone Developer";
				INFOPLIST_FILE = PhotoGPS/Info.plist;
				LD_RUNPATH_SEARCH_PATHS = "$(inherited) @executable_path/Frameworks";
				PRODUCT_BUNDLE_IDENTIFIER = tgcasce.PhotoGPS;
				PRODUCT_NAME = "$(TARGET_NAME)";
				SWIFT_OBJC_BRIDGING_HEADER = "PhotoGPS/PhotoGPS-Bridging-Header.h";
				TARGETED_DEVICE_FAMILY = "1,2";
			};
			name = Release;
		};
/* End XCBuildConfiguration section */

/* Begin XCConfigurationList section */
		4227219B1C0D9C7C0055AB75 /* Build configuration list for PBXProject "PhotoGPS" */ = {
			isa = XCConfigurationList;
			buildConfigurations = (
				422721B01C0D9C7C0055AB75 /* Debug */,
				422721B11C0D9C7C0055AB75 /* Release */,
			);
			defaultConfigurationIsVisible = 0;
			defaultConfigurationName = Release;
		};
		422721B21C0D9C7C0055AB75 /* Build configuration list for PBXNativeTarget "PhotoGPS" */ = {
			isa = XCConfigurationList;
			buildConfigurations = (
				422721B31C0D9C7C0055AB75 /* Debug */,
				422721B41C0D9C7C0055AB75 /* Release */,
			);
			defaultConfigurationIsVisible = 0;
		};
/* End XCConfigurationList section */
	};
	rootObject = 422721981C0D9C7C0055AB75 /* Project object */;
}
